// !$*UTF8*$!
{
	archiveVersion = 1;
	classes = {
	};
	objectVersion = 55;
	objects = {

/* Begin PBXBuildFile section */
		2562FF922A28BD7C006FA8C0 /* AppDelegate.swift in Sources */ = {isa = PBXBuildFile; fileRef = 2562FF912A28BD7C006FA8C0 /* AppDelegate.swift */; };
		2562FF942A28BD7C006FA8C0 /* SceneDelegate.swift in Sources */ = {isa = PBXBuildFile; fileRef = 2562FF932A28BD7C006FA8C0 /* SceneDelegate.swift */; };
		2562FF962A28BD7C006FA8C0 /* ViewController.swift in Sources */ = {isa = PBXBuildFile; fileRef = 2562FF952A28BD7C006FA8C0 /* ViewController.swift */; };
		2562FF9B2A28BD7E006FA8C0 /* Assets.xcassets in Resources */ = {isa = PBXBuildFile; fileRef = 2562FF9A2A28BD7E006FA8C0 /* Assets.xcassets */; };
		2562FF9E2A28BD7E006FA8C0 /* LaunchScreen.storyboard in Resources */ = {isa = PBXBuildFile; fileRef = 2562FF9C2A28BD7E006FA8C0 /* LaunchScreen.storyboard */; };
		2562FFA72A28BE29006FA8C0 /* RootVC.swift in Sources */ = {isa = PBXBuildFile; fileRef = 2562FFA62A28BE29006FA8C0 /* RootVC.swift */; };
		2562FFA92A28BE61006FA8C0 /* Coordinator.swift in Sources */ = {isa = PBXBuildFile; fileRef = 2562FFA82A28BE61006FA8C0 /* Coordinator.swift */; };
		2562FFAC2A2A04D2006FA8C0 /* Article.swift in Sources */ = {isa = PBXBuildFile; fileRef = 2562FFAB2A2A04D2006FA8C0 /* Article.swift */; };
		2562FFAF2A2A05A6006FA8C0 /* ArticleService.swift in Sources */ = {isa = PBXBuildFile; fileRef = 2562FFAE2A2A05A6006FA8C0 /* ArticleService.swift */; };
		2562FFB22A2A1CAE006FA8C0 /* RootViewModel.swift in Sources */ = {isa = PBXBuildFile; fileRef = 2562FFB12A2A1CAE006FA8C0 /* RootViewModel.swift */; };
		25D072982A530C8600666324 /* ArticleVM.swift in Sources */ = {isa = PBXBuildFile; fileRef = 25D072972A530C8600666324 /* ArticleVM.swift */; };
		99CA26A6CE9898C8800D9BA2 /* Pods_RxMVVMTodo.framework in Frameworks */ = {isa = PBXBuildFile; fileRef = 354744DA784CA170169A432A /* Pods_RxMVVMTodo.framework */; };
/* End PBXBuildFile section */

/* Begin PBXFileReference section */
		2562FF8E2A28BD7C006FA8C0 /* RxMVVMTodo.app */ = {isa = PBXFileReference; explicitFileType = wrapper.application; includeInIndex = 0; path = RxMVVMTodo.app; sourceTree = BUILT_PRODUCTS_DIR; };
		2562FF912A28BD7C006FA8C0 /* AppDelegate.swift */ = {isa = PBXFileReference; lastKnownFileType = sourcecode.swift; path = AppDelegate.swift; sourceTree = "<group>"; };
		2562FF932A28BD7C006FA8C0 /* SceneDelegate.swift */ = {isa = PBXFileReference; lastKnownFileType = sourcecode.swift; path = SceneDelegate.swift; sourceTree = "<group>"; };
		2562FF952A28BD7C006FA8C0 /* ViewController.swift */ = {isa = PBXFileReference; lastKnownFileType = sourcecode.swift; path = ViewController.swift; sourceTree = "<group>"; };
		2562FF9A2A28BD7E006FA8C0 /* Assets.xcassets */ = {isa = PBXFileReference; lastKnownFileType = folder.assetcatalog; path = Assets.xcassets; sourceTree = "<group>"; };
		2562FF9D2A28BD7E006FA8C0 /* Base */ = {isa = PBXFileReference; lastKnownFileType = file.storyboard; name = Base; path = Base.lproj/LaunchScreen.storyboard; sourceTree = "<group>"; };
		2562FF9F2A28BD7E006FA8C0 /* Info.plist */ = {isa = PBXFileReference; lastKnownFileType = text.plist.xml; path = Info.plist; sourceTree = "<group>"; };
		2562FFA62A28BE29006FA8C0 /* RootVC.swift */ = {isa = PBXFileReference; lastKnownFileType = sourcecode.swift; path = RootVC.swift; sourceTree = "<group>"; };
		2562FFA82A28BE61006FA8C0 /* Coordinator.swift */ = {isa = PBXFileReference; lastKnownFileType = sourcecode.swift; path = Coordinator.swift; sourceTree = "<group>"; };
		2562FFAB2A2A04D2006FA8C0 /* Article.swift */ = {isa = PBXFileReference; lastKnownFileType = sourcecode.swift; path = Article.swift; sourceTree = "<group>"; };
		2562FFAE2A2A05A6006FA8C0 /* ArticleService.swift */ = {isa = PBXFileReference; lastKnownFileType = sourcecode.swift; path = ArticleService.swift; sourceTree = "<group>"; };
		2562FFB12A2A1CAE006FA8C0 /* RootViewModel.swift */ = {isa = PBXFileReference; lastKnownFileType = sourcecode.swift; path = RootViewModel.swift; sourceTree = "<group>"; };
		25D072972A530C8600666324 /* ArticleVM.swift */ = {isa = PBXFileReference; lastKnownFileType = sourcecode.swift; path = ArticleVM.swift; sourceTree = "<group>"; };
		354744DA784CA170169A432A /* Pods_RxMVVMTodo.framework */ = {isa = PBXFileReference; explicitFileType = wrapper.framework; includeInIndex = 0; path = Pods_RxMVVMTodo.framework; sourceTree = BUILT_PRODUCTS_DIR; };
		986CFCDE3C60DC43C8C83C70 /* Pods-RxMVVMTodo.debug.xcconfig */ = {isa = PBXFileReference; includeInIndex = 1; lastKnownFileType = text.xcconfig; name = "Pods-RxMVVMTodo.debug.xcconfig"; path = "Target Support Files/Pods-RxMVVMTodo/Pods-RxMVVMTodo.debug.xcconfig"; sourceTree = "<group>"; };
		EB8D1398DE9709B584DF5BC3 /* Pods-RxMVVMTodo.release.xcconfig */ = {isa = PBXFileReference; includeInIndex = 1; lastKnownFileType = text.xcconfig; name = "Pods-RxMVVMTodo.release.xcconfig"; path = "Target Support Files/Pods-RxMVVMTodo/Pods-RxMVVMTodo.release.xcconfig"; sourceTree = "<group>"; };
/* End PBXFileReference section */

/* Begin PBXFrameworksBuildPhase section */
		2562FF8B2A28BD7C006FA8C0 /* Frameworks */ = {
			isa = PBXFrameworksBuildPhase;
			buildActionMask = 2147483647;
			files = (
				99CA26A6CE9898C8800D9BA2 /* Pods_RxMVVMTodo.framework in Frameworks */,
			);
			runOnlyForDeploymentPostprocessing = 0;
		};
/* End PBXFrameworksBuildPhase section */

/* Begin PBXGroup section */
		2562FF852A28BD7C006FA8C0 = {
			isa = PBXGroup;
			children = (
				2562FF902A28BD7C006FA8C0 /* RxMVVMTodo */,
				2562FF8F2A28BD7C006FA8C0 /* Products */,
				83318CF6F687487A6CE361B9 /* Pods */,
				ED82AF017500B43D02185806 /* Frameworks */,
			);
			sourceTree = "<group>";
		};
		2562FF8F2A28BD7C006FA8C0 /* Products */ = {
			isa = PBXGroup;
			children = (
				2562FF8E2A28BD7C006FA8C0 /* RxMVVMTodo.app */,
			);
			name = Products;
			sourceTree = "<group>";
		};
		2562FF902A28BD7C006FA8C0 /* RxMVVMTodo */ = {
			isa = PBXGroup;
			children = (
				2562FFB02A2A1C9E006FA8C0 /* ViewModel */,
				2562FFAD2A2A0584006FA8C0 /* Services */,
				2562FFAA2A2A04B9006FA8C0 /* Model */,
				2562FFA52A28BE02006FA8C0 /* Controller */,
				2562FF912A28BD7C006FA8C0 /* AppDelegate.swift */,
				2562FF932A28BD7C006FA8C0 /* SceneDelegate.swift */,
				2562FF952A28BD7C006FA8C0 /* ViewController.swift */,
				2562FF9A2A28BD7E006FA8C0 /* Assets.xcassets */,
				2562FF9C2A28BD7E006FA8C0 /* LaunchScreen.storyboard */,
				2562FF9F2A28BD7E006FA8C0 /* Info.plist */,
				2562FFA82A28BE61006FA8C0 /* Coordinator.swift */,
			);
			path = RxMVVMTodo;
			sourceTree = "<group>";
		};
		2562FFA52A28BE02006FA8C0 /* Controller */ = {
			isa = PBXGroup;
			children = (
				2562FFA62A28BE29006FA8C0 /* RootVC.swift */,
			);
			path = Controller;
			sourceTree = "<group>";
		};
		2562FFAA2A2A04B9006FA8C0 /* Model */ = {
			isa = PBXGroup;
			children = (
				2562FFAB2A2A04D2006FA8C0 /* Article.swift */,
			);
			path = Model;
			sourceTree = "<group>";
		};
		2562FFAD2A2A0584006FA8C0 /* Services */ = {
			isa = PBXGroup;
			children = (
				2562FFAE2A2A05A6006FA8C0 /* ArticleService.swift */,
			);
			path = Services;
			sourceTree = "<group>";
		};
		2562FFB02A2A1C9E006FA8C0 /* ViewModel */ = {
			isa = PBXGroup;
			children = (
				2562FFB12A2A1CAE006FA8C0 /* RootViewModel.swift */,
				25D072972A530C8600666324 /* ArticleVM.swift */,
			);
			path = ViewModel;
			sourceTree = "<group>";
		};
		83318CF6F687487A6CE361B9 /* Pods */ = {
			isa = PBXGroup;
			children = (
				986CFCDE3C60DC43C8C83C70 /* Pods-RxMVVMTodo.debug.xcconfig */,
				EB8D1398DE9709B584DF5BC3 /* Pods-RxMVVMTodo.release.xcconfig */,
			);
			path = Pods;
			sourceTree = "<group>";
		};
		ED82AF017500B43D02185806 /* Frameworks */ = {
			isa = PBXGroup;
			children = (
				354744DA784CA170169A432A /* Pods_RxMVVMTodo.framework */,
			);
			name = Frameworks;
			sourceTree = "<group>";
		};
/* End PBXGroup section */

/* Begin PBXNativeTarget section */
		2562FF8D2A28BD7C006FA8C0 /* RxMVVMTodo */ = {
			isa = PBXNativeTarget;
			buildConfigurationList = 2562FFA22A28BD7E006FA8C0 /* Build configuration list for PBXNativeTarget "RxMVVMTodo" */;
			buildPhases = (
				263679350157803A18D05299 /* [CP] Check Pods Manifest.lock */,
				2562FF8A2A28BD7C006FA8C0 /* Sources */,
				2562FF8B2A28BD7C006FA8C0 /* Frameworks */,
				2562FF8C2A28BD7C006FA8C0 /* Resources */,
				1140780EC3EB44F5CC9F85C9 /* [CP] Embed Pods Frameworks */,
			);
			buildRules = (
			);
			dependencies = (
			);
			name = RxMVVMTodo;
			productName = RxMVVMTodo;
			productReference = 2562FF8E2A28BD7C006FA8C0 /* RxMVVMTodo.app */;
			productType = "com.apple.product-type.application";
		};
/* End PBXNativeTarget section */

/* Begin PBXProject section */
		2562FF862A28BD7C006FA8C0 /* Project object */ = {
			isa = PBXProject;
			attributes = {
				BuildIndependentTargetsInParallel = 1;
				LastSwiftUpdateCheck = 1420;
				LastUpgradeCheck = 1420;
				TargetAttributes = {
					2562FF8D2A28BD7C006FA8C0 = {
						CreatedOnToolsVersion = 14.2;
					};
				};
			};
			buildConfigurationList = 2562FF892A28BD7C006FA8C0 /* Build configuration list for PBXProject "RxMVVMTodo" */;
			compatibilityVersion = "Xcode 13.0";
			developmentRegion = en;
			hasScannedForEncodings = 0;
			knownRegions = (
				en,
				Base,
			);
			mainGroup = 2562FF852A28BD7C006FA8C0;
			productRefGroup = 2562FF8F2A28BD7C006FA8C0 /* Products */;
			projectDirPath = "";
			projectRoot = "";
			targets = (
				2562FF8D2A28BD7C006FA8C0 /* RxMVVMTodo */,
			);
		};
/* End PBXProject section */

/* Begin PBXResourcesBuildPhase section */
		2562FF8C2A28BD7C006FA8C0 /* Resources */ = {
			isa = PBXResourcesBuildPhase;
			buildActionMask = 2147483647;
			files = (
				2562FF9E2A28BD7E006FA8C0 /* LaunchScreen.storyboard in Resources */,
				2562FF9B2A28BD7E006FA8C0 /* Assets.xcassets in Resources */,
			);
			runOnlyForDeploymentPostprocessing = 0;
		};
/* End PBXResourcesBuildPhase section */

/* Begin PBXShellScriptBuildPhase section */
		1140780EC3EB44F5CC9F85C9 /* [CP] Embed Pods Frameworks */ = {
			isa = PBXShellScriptBuildPhase;
			buildActionMask = 2147483647;
			files = (
			);
			inputFileListPaths = (
				"${PODS_ROOT}/Target Support Files/Pods-RxMVVMTodo/Pods-RxMVVMTodo-frameworks-${CONFIGURATION}-input-files.xcfilelist",
			);
			name = "[CP] Embed Pods Frameworks";
			outputFileListPaths = (
				"${PODS_ROOT}/Target Support Files/Pods-RxMVVMTodo/Pods-RxMVVMTodo-frameworks-${CONFIGURATION}-output-files.xcfilelist",
			);
			runOnlyForDeploymentPostprocessing = 0;
			shellPath = /bin/sh;
			shellScript = "\"${PODS_ROOT}/Target Support Files/Pods-RxMVVMTodo/Pods-RxMVVMTodo-frameworks.sh\"\n";
			showEnvVarsInLog = 0;
		};
		263679350157803A18D05299 /* [CP] Check Pods Manifest.lock */ = {
			isa = PBXShellScriptBuildPhase;
			buildActionMask = 2147483647;
			files = (
			);
			inputFileListPaths = (
			);
			inputPaths = (
				"${PODS_PODFILE_DIR_PATH}/Podfile.lock",
				"${PODS_ROOT}/Manifest.lock",
			);
			name = "[CP] Check Pods Manifest.lock";
			outputFileListPaths = (
			);
			outputPaths = (
				"$(DERIVED_FILE_DIR)/Pods-RxMVVMTodo-checkManifestLockResult.txt",
			);
			runOnlyForDeploymentPostprocessing = 0;
			shellPath = /bin/sh;
			shellScript = "diff \"${PODS_PODFILE_DIR_PATH}/Podfile.lock\" \"${PODS_ROOT}/Manifest.lock\" > /dev/null\nif [ $? != 0 ] ; then\n    # print error to STDERR\n    echo \"error: The sandbox is not in sync with the Podfile.lock. Run 'pod install' or update your CocoaPods installation.\" >&2\n    exit 1\nfi\n# This output is used by Xcode 'outputs' to avoid re-running this script phase.\necho \"SUCCESS\" > \"${SCRIPT_OUTPUT_FILE_0}\"\n";
			showEnvVarsInLog = 0;
		};
/* End PBXShellScriptBuildPhase section */

/* Begin PBXSourcesBuildPhase section */
		2562FF8A2A28BD7C006FA8C0 /* Sources */ = {
			isa = PBXSourcesBuildPhase;
			buildActionMask = 2147483647;
			files = (
				2562FFA72A28BE29006FA8C0 /* RootVC.swift in Sources */,
				2562FF962A28BD7C006FA8C0 /* ViewController.swift in Sources */,
				2562FFAC2A2A04D2006FA8C0 /* Article.swift in Sources */,
				2562FFAF2A2A05A6006FA8C0 /* ArticleService.swift in Sources */,
				2562FFA92A28BE61006FA8C0 /* Coordinator.swift in Sources */,
				2562FF922A28BD7C006FA8C0 /* AppDelegate.swift in Sources */,
				2562FFB22A2A1CAE006FA8C0 /* RootViewModel.swift in Sources */,
				2562FF942A28BD7C006FA8C0 /* SceneDelegate.swift in Sources */,
				25D072982A530C8600666324 /* ArticleVM.swift in Sources */,
			);
			runOnlyForDeploymentPostprocessing = 0;
		};
/* End PBXSourcesBuildPhase section */

/* Begin PBXVariantGroup section */
		2562FF9C2A28BD7E006FA8C0 /* LaunchScreen.storyboard */ = {
			isa = PBXVariantGroup;
			children = (
				2562FF9D2A28BD7E006FA8C0 /* Base */,
			);
			name = LaunchScreen.storyboard;
			sourceTree = "<group>";
		};
/* End PBXVariantGroup section */

/* Begin XCBuildConfiguration section */
		2562FFA02A28BD7E006FA8C0 /* Debug */ = {
			isa = XCBuildConfiguration;
			buildSettings = {
				ALWAYS_SEARCH_USER_PATHS = NO;
				CLANG_ANALYZER_NONNULL = YES;
				CLANG_ANALYZER_NUMBER_OBJECT_CONVERSION = YES_AGGRESSIVE;
				CLANG_CXX_LANGUAGE_STANDARD = "gnu++20";
				CLANG_ENABLE_MODULES = YES;
				CLANG_ENABLE_OBJC_ARC = YES;
				CLANG_ENABLE_OBJC_WEAK = YES;
				CLANG_WARN_BLOCK_CAPTURE_AUTORELEASING = YES;
				CLANG_WARN_BOOL_CONVERSION = YES;
				CLANG_WARN_COMMA = YES;
				CLANG_WARN_CONSTANT_CONVERSION = YES;
				CLANG_WARN_DEPRECATED_OBJC_IMPLEMENTATIONS = YES;
				CLANG_WARN_DIRECT_OBJC_ISA_USAGE = YES_ERROR;
				CLANG_WARN_DOCUMENTATION_COMMENTS = YES;
				CLANG_WARN_EMPTY_BODY = YES;
				CLANG_WARN_ENUM_CONVERSION = YES;
				CLANG_WARN_INFINITE_RECURSION = YES;
				CLANG_WARN_INT_CONVERSION = YES;
				CLANG_WARN_NON_LITERAL_NULL_CONVERSION = YES;
				CLANG_WARN_OBJC_IMPLICIT_RETAIN_SELF = YES;
				CLANG_WARN_OBJC_LITERAL_CONVERSION = YES;
				CLANG_WARN_OBJC_ROOT_CLASS = YES_ERROR;
				CLANG_WARN_QUOTED_INCLUDE_IN_FRAMEWORK_HEADER = YES;
				CLANG_WARN_RANGE_LOOP_ANALYSIS = YES;
				CLANG_WARN_STRICT_PROTOTYPES = YES;
				CLANG_WARN_SUSPICIOUS_MOVE = YES;
				CLANG_WARN_UNGUARDED_AVAILABILITY = YES_AGGRESSIVE;
				CLANG_WARN_UNREACHABLE_CODE = YES;
				CLANG_WARN__DUPLICATE_METHOD_MATCH = YES;
				COPY_PHASE_STRIP = NO;
				DEBUG_INFORMATION_FORMAT = dwarf;
				ENABLE_STRICT_OBJC_MSGSEND = YES;
				ENABLE_TESTABILITY = YES;
				GCC_C_LANGUAGE_STANDARD = gnu11;
				GCC_DYNAMIC_NO_PIC = NO;
				GCC_NO_COMMON_BLOCKS = YES;
				GCC_OPTIMIZATION_LEVEL = 0;
				GCC_PREPROCESSOR_DEFINITIONS = (
					"DEBUG=1",
					"$(inherited)",
				);
				GCC_WARN_64_TO_32_BIT_CONVERSION = YES;
				GCC_WARN_ABOUT_RETURN_TYPE = YES_ERROR;
				GCC_WARN_UNDECLARED_SELECTOR = YES;
				GCC_WARN_UNINITIALIZED_AUTOS = YES_AGGRESSIVE;
				GCC_WARN_UNUSED_FUNCTION = YES;
				GCC_WARN_UNUSED_VARIABLE = YES;
				IPHONEOS_DEPLOYMENT_TARGET = 16.2;
				MTL_ENABLE_DEBUG_INFO = INCLUDE_SOURCE;
				MTL_FAST_MATH = YES;
				ONLY_ACTIVE_ARCH = YES;
				SDKROOT = iphoneos;
				SWIFT_ACTIVE_COMPILATION_CONDITIONS = DEBUG;
				SWIFT_OPTIMIZATION_LEVEL = "-Onone";
			};
			name = Debug;
		};
		2562FFA12A28BD7E006FA8C0 /* Release */ = {
			isa = XCBuildConfiguration;
			buildSettings = {
				ALWAYS_SEARCH_USER_PATHS = NO;
				CLANG_ANALYZER_NONNULL = YES;
				CLANG_ANALYZER_NUMBER_OBJECT_CONVERSION = YES_AGGRESSIVE;
				CLANG_CXX_LANGUAGE_STANDARD = "gnu++20";
				CLANG_ENABLE_MODULES = YES;
				CLANG_ENABLE_OBJC_ARC = YES;
				CLANG_ENABLE_OBJC_WEAK = YES;
				CLANG_WARN_BLOCK_CAPTURE_AUTORELEASING = YES;
				CLANG_WARN_BOOL_CONVERSION = YES;
				CLANG_WARN_COMMA = YES;
				CLANG_WARN_CONSTANT_CONVERSION = YES;
				CLANG_WARN_DEPRECATED_OBJC_IMPLEMENTATIONS = YES;
				CLANG_WARN_DIRECT_OBJC_ISA_USAGE = YES_ERROR;
				CLANG_WARN_DOCUMENTATION_COMMENTS = YES;
				CLANG_WARN_EMPTY_BODY = YES;
				CLANG_WARN_ENUM_CONVERSION = YES;
				CLANG_WARN_INFINITE_RECURSION = YES;
				CLANG_WARN_INT_CONVERSION = YES;
				CLANG_WARN_NON_LITERAL_NULL_CONVERSION = YES;
				CLANG_WARN_OBJC_IMPLICIT_RETAIN_SELF = YES;
				CLANG_WARN_OBJC_LITERAL_CONVERSION = YES;
				CLANG_WARN_OBJC_ROOT_CLASS = YES_ERROR;
				CLANG_WARN_QUOTED_INCLUDE_IN_FRAMEWORK_HEADER = YES;
				CLANG_WARN_RANGE_LOOP_ANALYSIS = YES;
				CLANG_WARN_STRICT_PROTOTYPES = YES;
				CLANG_WARN_SUSPICIOUS_MOVE = YES;
				CLANG_WARN_UNGUARDED_AVAILABILITY = YES_AGGRESSIVE;
				CLANG_WARN_UNREACHABLE_CODE = YES;
				CLANG_WARN__DUPLICATE_METHOD_MATCH = YES;
				COPY_PHASE_STRIP = NO;
				DEBUG_INFORMATION_FORMAT = "dwarf-with-dsym";
				ENABLE_NS_ASSERTIONS = NO;
				ENABLE_STRICT_OBJC_MSGSEND = YES;
				GCC_C_LANGUAGE_STANDARD = gnu11;
				GCC_NO_COMMON_BLOCKS = YES;
				GCC_WARN_64_TO_32_BIT_CONVERSION = YES;
				GCC_WARN_ABOUT_RETURN_TYPE = YES_ERROR;
				GCC_WARN_UNDECLARED_SELECTOR = YES;
				GCC_WARN_UNINITIALIZED_AUTOS = YES_AGGRESSIVE;
				GCC_WARN_UNUSED_FUNCTION = YES;
				GCC_WARN_UNUSED_VARIABLE = YES;
				IPHONEOS_DEPLOYMENT_TARGET = 16.2;
				MTL_ENABLE_DEBUG_INFO = NO;
				MTL_FAST_MATH = YES;
				SDKROOT = iphoneos;
				SWIFT_COMPILATION_MODE = wholemodule;
				SWIFT_OPTIMIZATION_LEVEL = "-O";
				VALIDATE_PRODUCT = YES;
			};
			name = Release;
		};
		2562FFA32A28BD7E006FA8C0 /* Debug */ = {
			isa = XCBuildConfiguration;
			baseConfigurationReference = 986CFCDE3C60DC43C8C83C70 /* Pods-RxMVVMTodo.debug.xcconfig */;
			buildSettings = {
				ASSETCATALOG_COMPILER_APPICON_NAME = AppIcon;
				ASSETCATALOG_COMPILER_GLOBAL_ACCENT_COLOR_NAME = AccentColor;
				CODE_SIGN_STYLE = Automatic;
				CURRENT_PROJECT_VERSION = 1;
				DEVELOPMENT_TEAM = GQF9DRKKG2;
				GENERATE_INFOPLIST_FILE = YES;
				INFOPLIST_FILE = RxMVVMTodo/Info.plist;
				INFOPLIST_KEY_UIApplicationSupportsIndirectInputEvents = YES;
				INFOPLIST_KEY_UILaunchStoryboardName = LaunchScreen;
				INFOPLIST_KEY_UIStatusBarStyle = "";
				INFOPLIST_KEY_UISupportedInterfaceOrientations_iPad = "UIInterfaceOrientationPortrait UIInterfaceOrientationPortraitUpsideDown UIInterfaceOrientationLandscapeLeft UIInterfaceOrientationLandscapeRight";
				INFOPLIST_KEY_UISupportedInterfaceOrientations_iPhone = "UIInterfaceOrientationPortrait UIInterfaceOrientationLandscapeLeft UIInterfaceOrientationLandscapeRight";
				LD_RUNPATH_SEARCH_PATHS = (
					"$(inherited)",
					"@executable_path/Frameworks",
				);
				MARKETING_VERSION = 1.0;
				PRODUCT_BUNDLE_IDENTIFIER = jina.RxMVVMTodo;
				PRODUCT_NAME = "$(TARGET_NAME)";
				SWIFT_EMIT_LOC_STRINGS = YES;
				SWIFT_VERSION = 5.0;
				TARGETED_DEVICE_FAMILY = "1,2";
			};
			name = Debug;
		};
		2562FFA42A28BD7E006FA8C0 /* Release */ = {
			isa = XCBuildConfiguration;
			baseConfigurationReference = EB8D1398DE9709B584DF5BC3 /* Pods-RxMVVMTodo.release.xcconfig */;
			buildSettings = {
				ASSETCATALOG_COMPILER_APPICON_NAME = AppIcon;
				ASSETCATALOG_COMPILER_GLOBAL_ACCENT_COLOR_NAME = AccentColor;
				CODE_SIGN_STYLE = Automatic;
				CURRENT_PROJECT_VERSION = 1;
				DEVELOPMENT_TEAM = GQF9DRKKG2;
				GENERATE_INFOPLIST_FILE = YES;
				INFOPLIST_FILE = RxMVVMTodo/Info.plist;
				INFOPLIST_KEY_UIApplicationSupportsIndirectInputEvents = YES;
				INFOPLIST_KEY_UILaunchStoryboardName = LaunchScreen;
				INFOPLIST_KEY_UIStatusBarStyle = "";
				INFOPLIST_KEY_UISupportedInterfaceOrientations_iPad = "UIInterfaceOrientationPortrait UIInterfaceOrientationPortraitUpsideDown UIInterfaceOrientationLandscapeLeft UIInterfaceOrientationLandscapeRight";
				INFOPLIST_KEY_UISupportedInterfaceOrientations_iPhone = "UIInterfaceOrientationPortrait UIInterfaceOrientationLandscapeLeft UIInterfaceOrientationLandscapeRight";
				LD_RUNPATH_SEARCH_PATHS = (
					"$(inherited)",
					"@executable_path/Frameworks",
				);
				MARKETING_VERSION = 1.0;
				PRODUCT_BUNDLE_IDENTIFIER = jina.RxMVVMTodo;
				PRODUCT_NAME = "$(TARGET_NAME)";
				SWIFT_EMIT_LOC_STRINGS = YES;
				SWIFT_VERSION = 5.0;
				TARGETED_DEVICE_FAMILY = "1,2";
			};
			name = Release;
		};
/* End XCBuildConfiguration section */

/* Begin XCConfigurationList section */
		2562FF892A28BD7C006FA8C0 /* Build configuration list for PBXProject "RxMVVMTodo" */ = {
			isa = XCConfigurationList;
			buildConfigurations = (
				2562FFA02A28BD7E006FA8C0 /* Debug */,
				2562FFA12A28BD7E006FA8C0 /* Release */,
			);
			defaultConfigurationIsVisible = 0;
			defaultConfigurationName = Release;
		};
		2562FFA22A28BD7E006FA8C0 /* Build configuration list for PBXNativeTarget "RxMVVMTodo" */ = {
			isa = XCConfigurationList;
			buildConfigurations = (
				2562FFA32A28BD7E006FA8C0 /* Debug */,
				2562FFA42A28BD7E006FA8C0 /* Release */,
			);
			defaultConfigurationIsVisible = 0;
			defaultConfigurationName = Release;
		};
/* End XCConfigurationList section */
	};
	rootObject = 2562FF862A28BD7C006FA8C0 /* Project object */;
}
